// !$*UTF8*$!
{
	archiveVersion = 1;
	classes = {
	};
	objectVersion = 51;
	objects = {

/* Begin PBXBuildFile section */
		1310056C71C0FD9307A834BC /* Pods_RickAppMorty.framework in Frameworks */ = {isa = PBXBuildFile; fileRef = 888C293A007DD93ED9B44FB9 /* Pods_RickAppMorty.framework */; };
		AB666C1924B3AE590043D6E9 /* AppDelegate.swift in Sources */ = {isa = PBXBuildFile; fileRef = AB666C1824B3AE590043D6E9 /* AppDelegate.swift */; };
		AB666C1B24B3AE590043D6E9 /* SceneDelegate.swift in Sources */ = {isa = PBXBuildFile; fileRef = AB666C1A24B3AE590043D6E9 /* SceneDelegate.swift */; };
		AB666C2324B3AE590043D6E9 /* RickAppMorty.xcdatamodeld in Sources */ = {isa = PBXBuildFile; fileRef = AB666C2124B3AE590043D6E9 /* RickAppMorty.xcdatamodeld */; };
		AB666C2524B3AE5D0043D6E9 /* Assets.xcassets in Resources */ = {isa = PBXBuildFile; fileRef = AB666C2424B3AE5D0043D6E9 /* Assets.xcassets */; };
		AB666C2824B3AE5D0043D6E9 /* LaunchScreen.storyboard in Resources */ = {isa = PBXBuildFile; fileRef = AB666C2624B3AE5D0043D6E9 /* LaunchScreen.storyboard */; };
		AB666C3324B3AE5E0043D6E9 /* RickAppMortyTests.swift in Sources */ = {isa = PBXBuildFile; fileRef = AB666C3224B3AE5E0043D6E9 /* RickAppMortyTests.swift */; };
		AB71212424C0A44B00C004B3 /* CharactersWorker.swift in Sources */ = {isa = PBXBuildFile; fileRef = AB71212324C0A44B00C004B3 /* CharactersWorker.swift */; };
		AB71212624C0A67C00C004B3 /* Character.swift in Sources */ = {isa = PBXBuildFile; fileRef = AB71212524C0A67C00C004B3 /* Character.swift */; };
		AB71212924C0AB0400C004B3 /* CharacterRepository.swift in Sources */ = {isa = PBXBuildFile; fileRef = AB71212824C0AB0400C004B3 /* CharacterRepository.swift */; };
		AB71212B24C0AB4300C004B3 /* WorkError.swift in Sources */ = {isa = PBXBuildFile; fileRef = AB71212A24C0AB4300C004B3 /* WorkError.swift */; };
		AB71212F24C0BC7200C004B3 /* CharacterTarget.swift in Sources */ = {isa = PBXBuildFile; fileRef = AB71212E24C0BC7200C004B3 /* CharacterTarget.swift */; };
		AB71213124C0BD5E00C004B3 /* NetworkConstants.swift in Sources */ = {isa = PBXBuildFile; fileRef = AB71213024C0BD5E00C004B3 /* NetworkConstants.swift */; };
		AB71213424C0BFBC00C004B3 /* Decodable+Extensions.swift in Sources */ = {isa = PBXBuildFile; fileRef = AB71213324C0BFBC00C004B3 /* Decodable+Extensions.swift */; };
		AB72AEB324B7586600B993DB /* FastlaneSnapshots.swift in Sources */ = {isa = PBXBuildFile; fileRef = AB72AEB224B7586600B993DB /* FastlaneSnapshots.swift */; };
		AB72AEBB24B759AF00B993DB /* SnapshotHelper.swift in Sources */ = {isa = PBXBuildFile; fileRef = AB72AEBA24B759AF00B993DB /* SnapshotHelper.swift */; };
		AB90A96824C087A5007CBBEC /* NetworkServiceTests.swift in Sources */ = {isa = PBXBuildFile; fileRef = AB90A96724C087A5007CBBEC /* NetworkServiceTests.swift */; };
		ABBD80B824B4C99E00B9F45C /* CharactersViewController.swift in Sources */ = {isa = PBXBuildFile; fileRef = ABBD80B724B4C99E00B9F45C /* CharactersViewController.swift */; };
		ABF8913524C221FD00016224 /* chars.json in Resources */ = {isa = PBXBuildFile; fileRef = ABF8913424C221FD00016224 /* chars.json */; };
		ABF8913624C221FD00016224 /* chars.json in Resources */ = {isa = PBXBuildFile; fileRef = ABF8913424C221FD00016224 /* chars.json */; };
		B8972B84F74DC36FDC723D08 /* Pods_RickAppMortyTests.framework in Frameworks */ = {isa = PBXBuildFile; fileRef = 6A60F4A657BBC994FFD628AF /* Pods_RickAppMortyTests.framework */; };
/* End PBXBuildFile section */

/* Begin PBXContainerItemProxy section */
		AB666C2F24B3AE5E0043D6E9 /* PBXContainerItemProxy */ = {
			isa = PBXContainerItemProxy;
			containerPortal = AB666C0D24B3AE590043D6E9 /* Project object */;
			proxyType = 1;
			remoteGlobalIDString = AB666C1424B3AE590043D6E9;
			remoteInfo = RickAppMorty;
		};
		AB72AEB524B7586600B993DB /* PBXContainerItemProxy */ = {
			isa = PBXContainerItemProxy;
			containerPortal = AB666C0D24B3AE590043D6E9 /* Project object */;
			proxyType = 1;
			remoteGlobalIDString = AB666C1424B3AE590043D6E9;
			remoteInfo = RickAppMorty;
		};
/* End PBXContainerItemProxy section */

/* Begin PBXFileReference section */
		503D5AC704CCAA230A0E22CA /* Pods-RickAppMortyTests.release.xcconfig */ = {isa = PBXFileReference; includeInIndex = 1; lastKnownFileType = text.xcconfig; name = "Pods-RickAppMortyTests.release.xcconfig"; path = "Target Support Files/Pods-RickAppMortyTests/Pods-RickAppMortyTests.release.xcconfig"; sourceTree = "<group>"; };
		6A60F4A657BBC994FFD628AF /* Pods_RickAppMortyTests.framework */ = {isa = PBXFileReference; explicitFileType = wrapper.framework; includeInIndex = 0; path = Pods_RickAppMortyTests.framework; sourceTree = BUILT_PRODUCTS_DIR; };
		7BAC0D4BAE505A9811222F31 /* Pods-RickAppMortyTests.debug.xcconfig */ = {isa = PBXFileReference; includeInIndex = 1; lastKnownFileType = text.xcconfig; name = "Pods-RickAppMortyTests.debug.xcconfig"; path = "Target Support Files/Pods-RickAppMortyTests/Pods-RickAppMortyTests.debug.xcconfig"; sourceTree = "<group>"; };
		888C293A007DD93ED9B44FB9 /* Pods_RickAppMorty.framework */ = {isa = PBXFileReference; explicitFileType = wrapper.framework; includeInIndex = 0; path = Pods_RickAppMorty.framework; sourceTree = BUILT_PRODUCTS_DIR; };
		AB666C1524B3AE590043D6E9 /* RickAppMorty.app */ = {isa = PBXFileReference; explicitFileType = wrapper.application; includeInIndex = 0; path = RickAppMorty.app; sourceTree = BUILT_PRODUCTS_DIR; };
		AB666C1824B3AE590043D6E9 /* AppDelegate.swift */ = {isa = PBXFileReference; lastKnownFileType = sourcecode.swift; path = AppDelegate.swift; sourceTree = "<group>"; };
		AB666C1A24B3AE590043D6E9 /* SceneDelegate.swift */ = {isa = PBXFileReference; lastKnownFileType = sourcecode.swift; path = SceneDelegate.swift; sourceTree = "<group>"; };
		AB666C2224B3AE590043D6E9 /* RickAppMorty.xcdatamodel */ = {isa = PBXFileReference; lastKnownFileType = wrapper.xcdatamodel; path = RickAppMorty.xcdatamodel; sourceTree = "<group>"; };
		AB666C2424B3AE5D0043D6E9 /* Assets.xcassets */ = {isa = PBXFileReference; lastKnownFileType = folder.assetcatalog; path = Assets.xcassets; sourceTree = "<group>"; };
		AB666C2724B3AE5D0043D6E9 /* Base */ = {isa = PBXFileReference; lastKnownFileType = file.storyboard; name = Base; path = Base.lproj/LaunchScreen.storyboard; sourceTree = "<group>"; };
		AB666C2924B3AE5D0043D6E9 /* Info.plist */ = {isa = PBXFileReference; lastKnownFileType = text.plist.xml; path = Info.plist; sourceTree = "<group>"; };
		AB666C2E24B3AE5E0043D6E9 /* RickAppMortyTests.xctest */ = {isa = PBXFileReference; explicitFileType = wrapper.cfbundle; includeInIndex = 0; path = RickAppMortyTests.xctest; sourceTree = BUILT_PRODUCTS_DIR; };
		AB666C3224B3AE5E0043D6E9 /* RickAppMortyTests.swift */ = {isa = PBXFileReference; lastKnownFileType = sourcecode.swift; path = RickAppMortyTests.swift; sourceTree = "<group>"; };
		AB666C3424B3AE5E0043D6E9 /* Info.plist */ = {isa = PBXFileReference; lastKnownFileType = text.plist.xml; path = Info.plist; sourceTree = "<group>"; };
		AB71212324C0A44B00C004B3 /* CharactersWorker.swift */ = {isa = PBXFileReference; lastKnownFileType = sourcecode.swift; path = CharactersWorker.swift; sourceTree = "<group>"; };
		AB71212524C0A67C00C004B3 /* Character.swift */ = {isa = PBXFileReference; lastKnownFileType = sourcecode.swift; name = Character.swift; path = RickAppMorty/Workers/Character.swift; sourceTree = SOURCE_ROOT; };
		AB71212824C0AB0400C004B3 /* CharacterRepository.swift */ = {isa = PBXFileReference; lastKnownFileType = sourcecode.swift; path = CharacterRepository.swift; sourceTree = "<group>"; };
		AB71212A24C0AB4300C004B3 /* WorkError.swift */ = {isa = PBXFileReference; lastKnownFileType = sourcecode.swift; path = WorkError.swift; sourceTree = "<group>"; };
		AB71212E24C0BC7200C004B3 /* CharacterTarget.swift */ = {isa = PBXFileReference; lastKnownFileType = sourcecode.swift; path = CharacterTarget.swift; sourceTree = "<group>"; };
		AB71213024C0BD5E00C004B3 /* NetworkConstants.swift */ = {isa = PBXFileReference; lastKnownFileType = sourcecode.swift; path = NetworkConstants.swift; sourceTree = "<group>"; };
		AB71213324C0BFBC00C004B3 /* Decodable+Extensions.swift */ = {isa = PBXFileReference; lastKnownFileType = sourcecode.swift; path = "Decodable+Extensions.swift"; sourceTree = "<group>"; };
		AB72AEB024B7586600B993DB /* FastlaneSnapshots.xctest */ = {isa = PBXFileReference; explicitFileType = wrapper.cfbundle; includeInIndex = 0; path = FastlaneSnapshots.xctest; sourceTree = BUILT_PRODUCTS_DIR; };
		AB72AEB224B7586600B993DB /* FastlaneSnapshots.swift */ = {isa = PBXFileReference; lastKnownFileType = sourcecode.swift; path = FastlaneSnapshots.swift; sourceTree = "<group>"; };
		AB72AEB424B7586600B993DB /* Info.plist */ = {isa = PBXFileReference; lastKnownFileType = text.plist.xml; path = Info.plist; sourceTree = "<group>"; };
		AB72AEBA24B759AF00B993DB /* SnapshotHelper.swift */ = {isa = PBXFileReference; fileEncoding = 4; lastKnownFileType = sourcecode.swift; name = SnapshotHelper.swift; path = fastlane/SnapshotHelper.swift; sourceTree = SOURCE_ROOT; };
		AB90A96724C087A5007CBBEC /* NetworkServiceTests.swift */ = {isa = PBXFileReference; lastKnownFileType = sourcecode.swift; path = NetworkServiceTests.swift; sourceTree = "<group>"; };
		ABBD80B724B4C99E00B9F45C /* CharactersViewController.swift */ = {isa = PBXFileReference; lastKnownFileType = sourcecode.swift; path = CharactersViewController.swift; sourceTree = "<group>"; };
		ABF8913424C221FD00016224 /* chars.json */ = {isa = PBXFileReference; fileEncoding = 4; lastKnownFileType = text.json; path = chars.json; sourceTree = "<group>"; };
		AF7566D35E65E2E01FF25EEF /* Pods-RickAppMorty.release.xcconfig */ = {isa = PBXFileReference; includeInIndex = 1; lastKnownFileType = text.xcconfig; name = "Pods-RickAppMorty.release.xcconfig"; path = "Target Support Files/Pods-RickAppMorty/Pods-RickAppMorty.release.xcconfig"; sourceTree = "<group>"; };
		C17FA16477962F905F9CF89D /* Pods-RickAppMorty.debug.xcconfig */ = {isa = PBXFileReference; includeInIndex = 1; lastKnownFileType = text.xcconfig; name = "Pods-RickAppMorty.debug.xcconfig"; path = "Target Support Files/Pods-RickAppMorty/Pods-RickAppMorty.debug.xcconfig"; sourceTree = "<group>"; };
/* End PBXFileReference section */

/* Begin PBXFrameworksBuildPhase section */
		AB666C1224B3AE590043D6E9 /* Frameworks */ = {
			isa = PBXFrameworksBuildPhase;
			buildActionMask = 2147483647;
			files = (
				1310056C71C0FD9307A834BC /* Pods_RickAppMorty.framework in Frameworks */,
			);
			runOnlyForDeploymentPostprocessing = 0;
		};
		AB666C2B24B3AE5E0043D6E9 /* Frameworks */ = {
			isa = PBXFrameworksBuildPhase;
			buildActionMask = 2147483647;
			files = (
				B8972B84F74DC36FDC723D08 /* Pods_RickAppMortyTests.framework in Frameworks */,
			);
			runOnlyForDeploymentPostprocessing = 0;
		};
		AB72AEAD24B7586600B993DB /* Frameworks */ = {
			isa = PBXFrameworksBuildPhase;
			buildActionMask = 2147483647;
			files = (
			);
			runOnlyForDeploymentPostprocessing = 0;
		};
/* End PBXFrameworksBuildPhase section */

/* Begin PBXGroup section */
		143D3929723A3594F82645DE /* Pods */ = {
			isa = PBXGroup;
			children = (
				C17FA16477962F905F9CF89D /* Pods-RickAppMorty.debug.xcconfig */,
				AF7566D35E65E2E01FF25EEF /* Pods-RickAppMorty.release.xcconfig */,
				7BAC0D4BAE505A9811222F31 /* Pods-RickAppMortyTests.debug.xcconfig */,
				503D5AC704CCAA230A0E22CA /* Pods-RickAppMortyTests.release.xcconfig */,
			);
			path = Pods;
			sourceTree = "<group>";
		};
		6F02F57083D06C6FACD92F35 /* Frameworks */ = {
			isa = PBXGroup;
			children = (
				888C293A007DD93ED9B44FB9 /* Pods_RickAppMorty.framework */,
				6A60F4A657BBC994FFD628AF /* Pods_RickAppMortyTests.framework */,
			);
			name = Frameworks;
			sourceTree = "<group>";
		};
		AB666C0C24B3AE590043D6E9 = {
			isa = PBXGroup;
			children = (
				AB666C1724B3AE590043D6E9 /* RickAppMorty */,
				AB666C3124B3AE5E0043D6E9 /* RickAppMortyTests */,
				AB72AEB124B7586600B993DB /* FastlaneSnapshots */,
				AB666C1624B3AE590043D6E9 /* Products */,
				143D3929723A3594F82645DE /* Pods */,
				6F02F57083D06C6FACD92F35 /* Frameworks */,
			);
			sourceTree = "<group>";
		};
		AB666C1624B3AE590043D6E9 /* Products */ = {
			isa = PBXGroup;
			children = (
				AB666C1524B3AE590043D6E9 /* RickAppMorty.app */,
				AB666C2E24B3AE5E0043D6E9 /* RickAppMortyTests.xctest */,
				AB72AEB024B7586600B993DB /* FastlaneSnapshots.xctest */,
			);
			name = Products;
			sourceTree = "<group>";
		};
		AB666C1724B3AE590043D6E9 /* RickAppMorty */ = {
			isa = PBXGroup;
			children = (
				ABBD80BE24B4CAF500B9F45C /* DI */,
				AB71213224C0BF9C00C004B3 /* Extensions */,
				ABBD80BB24B4CA8E00B9F45C /* Coordinator */,
				ABBD80BA24B4CA6300B9F45C /* Model */,
				AB71212C24C0AB7700C004B3 /* Services */,
				AB71212024C0A36900C004B3 /* Workers */,
				ABBD80BD24B4CAA100B9F45C /* Scenes */,
				ABBD80BF24B4CB1D00B9F45C /* Application */,
				AB666C2424B3AE5D0043D6E9 /* Assets.xcassets */,
				AB666C2624B3AE5D0043D6E9 /* LaunchScreen.storyboard */,
				AB666C2924B3AE5D0043D6E9 /* Info.plist */,
				AB666C2124B3AE590043D6E9 /* RickAppMorty.xcdatamodeld */,
			);
			path = RickAppMorty;
			sourceTree = "<group>";
		};
		AB666C3124B3AE5E0043D6E9 /* RickAppMortyTests */ = {
			isa = PBXGroup;
			children = (
				AB71213524C220CB00C004B3 /* Resources */,
				AB90A96624C084E8007CBBEC /* NetworkServiceTests */,
				AB666C3224B3AE5E0043D6E9 /* RickAppMortyTests.swift */,
				AB666C3424B3AE5E0043D6E9 /* Info.plist */,
			);
			path = RickAppMortyTests;
			sourceTree = "<group>";
		};
		AB71212024C0A36900C004B3 /* Workers */ = {
			isa = PBXGroup;
			children = (
				AB71212724C0AAE400C004B3 /* WorkerProtocols */,
				AB71212324C0A44B00C004B3 /* CharactersWorker.swift */,
			);
			path = Workers;
			sourceTree = "<group>";
		};
		AB71212124C0A3F400C004B3 /* NetworkService */ = {
			isa = PBXGroup;
			children = (
				AB71213024C0BD5E00C004B3 /* NetworkConstants.swift */,
				AB71212D24C0BC3F00C004B3 /* Targets */,
			);
			path = NetworkService;
			sourceTree = "<group>";
		};
		AB71212724C0AAE400C004B3 /* WorkerProtocols */ = {
			isa = PBXGroup;
			children = (
				AB71212824C0AB0400C004B3 /* CharacterRepository.swift */,
				AB71212A24C0AB4300C004B3 /* WorkError.swift */,
			);
			path = WorkerProtocols;
			sourceTree = "<group>";
		};
		AB71212C24C0AB7700C004B3 /* Services */ = {
			isa = PBXGroup;
			children = (
				AB71212124C0A3F400C004B3 /* NetworkService */,
			);
			path = Services;
			sourceTree = "<group>";
		};
		AB71212D24C0BC3F00C004B3 /* Targets */ = {
			isa = PBXGroup;
			children = (
				AB71212E24C0BC7200C004B3 /* CharacterTarget.swift */,
			);
			path = Targets;
			sourceTree = "<group>";
		};
		AB71213224C0BF9C00C004B3 /* Extensions */ = {
			isa = PBXGroup;
			children = (
				AB71213324C0BFBC00C004B3 /* Decodable+Extensions.swift */,
			);
			path = Extensions;
			sourceTree = "<group>";
		};
		AB71213524C220CB00C004B3 /* Resources */ = {
			isa = PBXGroup;
			children = (
				ABF8913424C221FD00016224 /* chars.json */,
			);
			path = Resources;
			sourceTree = "<group>";
		};
		AB72AEB124B7586600B993DB /* FastlaneSnapshots */ = {
			isa = PBXGroup;
			children = (
				AB72AEBA24B759AF00B993DB /* SnapshotHelper.swift */,
				AB72AEB224B7586600B993DB /* FastlaneSnapshots.swift */,
				AB72AEB424B7586600B993DB /* Info.plist */,
			);
			path = FastlaneSnapshots;
			sourceTree = "<group>";
		};
		AB90A96624C084E8007CBBEC /* NetworkServiceTests */ = {
			isa = PBXGroup;
			children = (
				AB90A96924C09CD6007CBBEC /* Mocks */,
				AB90A96724C087A5007CBBEC /* NetworkServiceTests.swift */,
			);
			path = NetworkServiceTests;
			sourceTree = "<group>";
		};
		AB90A96924C09CD6007CBBEC /* Mocks */ = {
			isa = PBXGroup;
			children = (
			);
			path = Mocks;
			sourceTree = "<group>";
		};
		ABBD80BA24B4CA6300B9F45C /* Model */ = {
			isa = PBXGroup;
			children = (
				AB71212524C0A67C00C004B3 /* Character.swift */,
			);
			path = Model;
			sourceTree = "<group>";
		};
		ABBD80BB24B4CA8E00B9F45C /* Coordinator */ = {
			isa = PBXGroup;
			children = (
			);
			path = Coordinator;
			sourceTree = "<group>";
		};
		ABBD80BD24B4CAA100B9F45C /* Scenes */ = {
			isa = PBXGroup;
			children = (
				ABBD80B724B4C99E00B9F45C /* CharactersViewController.swift */,
			);
			path = Scenes;
			sourceTree = "<group>";
		};
		ABBD80BE24B4CAF500B9F45C /* DI */ = {
			isa = PBXGroup;
			children = (
			);
			path = DI;
			sourceTree = "<group>";
		};
		ABBD80BF24B4CB1D00B9F45C /* Application */ = {
			isa = PBXGroup;
			children = (
				AB666C1824B3AE590043D6E9 /* AppDelegate.swift */,
				AB666C1A24B3AE590043D6E9 /* SceneDelegate.swift */,
			);
			path = Application;
			sourceTree = "<group>";
		};
/* End PBXGroup section */

/* Begin PBXNativeTarget section */
		AB666C1424B3AE590043D6E9 /* RickAppMorty */ = {
			isa = PBXNativeTarget;
			buildConfigurationList = AB666C3724B3AE5E0043D6E9 /* Build configuration list for PBXNativeTarget "RickAppMorty" */;
			buildPhases = (
				15EF4AEBB193837F8D80DB2C /* [CP] Check Pods Manifest.lock */,
				AB666C1124B3AE590043D6E9 /* Sources */,
				AB666C1224B3AE590043D6E9 /* Frameworks */,
				AB666C1324B3AE590043D6E9 /* Resources */,
				AB85097124B8DF5D0094F7BA /* ShellScript */,
				89F2B033B4BED9BB781B3DC7 /* [CP] Embed Pods Frameworks */,
			);
			buildRules = (
			);
			dependencies = (
			);
			name = RickAppMorty;
			productName = RickAppMorty;
			productReference = AB666C1524B3AE590043D6E9 /* RickAppMorty.app */;
			productType = "com.apple.product-type.application";
		};
		AB666C2D24B3AE5E0043D6E9 /* RickAppMortyTests */ = {
			isa = PBXNativeTarget;
			buildConfigurationList = AB666C3A24B3AE5E0043D6E9 /* Build configuration list for PBXNativeTarget "RickAppMortyTests" */;
			buildPhases = (
				6BFF05D086135E9F0070B289 /* [CP] Check Pods Manifest.lock */,
				AB666C2A24B3AE5E0043D6E9 /* Sources */,
				AB666C2B24B3AE5E0043D6E9 /* Frameworks */,
				AB666C2C24B3AE5E0043D6E9 /* Resources */,
				9517AAFAECC1537A299B8537 /* [CP] Embed Pods Frameworks */,
			);
			buildRules = (
			);
			dependencies = (
				AB666C3024B3AE5E0043D6E9 /* PBXTargetDependency */,
			);
			name = RickAppMortyTests;
			productName = RickAppMortyTests;
			productReference = AB666C2E24B3AE5E0043D6E9 /* RickAppMortyTests.xctest */;
			productType = "com.apple.product-type.bundle.unit-test";
		};
		AB72AEAF24B7586600B993DB /* FastlaneSnapshots */ = {
			isa = PBXNativeTarget;
			buildConfigurationList = AB72AEB924B7586600B993DB /* Build configuration list for PBXNativeTarget "FastlaneSnapshots" */;
			buildPhases = (
				AB72AEAC24B7586600B993DB /* Sources */,
				AB72AEAD24B7586600B993DB /* Frameworks */,
				AB72AEAE24B7586600B993DB /* Resources */,
			);
			buildRules = (
			);
			dependencies = (
				AB72AEB624B7586600B993DB /* PBXTargetDependency */,
			);
			name = FastlaneSnapshots;
			productName = FastlaneSnapshots;
			productReference = AB72AEB024B7586600B993DB /* FastlaneSnapshots.xctest */;
			productType = "com.apple.product-type.bundle.ui-testing";
		};
/* End PBXNativeTarget section */

/* Begin PBXProject section */
		AB666C0D24B3AE590043D6E9 /* Project object */ = {
			isa = PBXProject;
			attributes = {
				LastSwiftUpdateCheck = 1150;
				LastUpgradeCheck = 1150;
				ORGANIZATIONNAME = "Gabriel Palhares";
				TargetAttributes = {
					AB666C1424B3AE590043D6E9 = {
						CreatedOnToolsVersion = 11.5;
					};
					AB666C2D24B3AE5E0043D6E9 = {
						CreatedOnToolsVersion = 11.5;
						TestTargetID = AB666C1424B3AE590043D6E9;
					};
					AB72AEAF24B7586600B993DB = {
						CreatedOnToolsVersion = 11.5;
						TestTargetID = AB666C1424B3AE590043D6E9;
					};
				};
			};
			buildConfigurationList = AB666C1024B3AE590043D6E9 /* Build configuration list for PBXProject "RickAppMorty" */;
			compatibilityVersion = "Xcode 9.3";
			developmentRegion = en;
			hasScannedForEncodings = 0;
			knownRegions = (
				en,
				Base,
			);
			mainGroup = AB666C0C24B3AE590043D6E9;
			productRefGroup = AB666C1624B3AE590043D6E9 /* Products */;
			projectDirPath = "";
			projectRoot = "";
			targets = (
				AB666C1424B3AE590043D6E9 /* RickAppMorty */,
				AB666C2D24B3AE5E0043D6E9 /* RickAppMortyTests */,
				AB72AEAF24B7586600B993DB /* FastlaneSnapshots */,
			);
		};
/* End PBXProject section */

/* Begin PBXResourcesBuildPhase section */
		AB666C1324B3AE590043D6E9 /* Resources */ = {
			isa = PBXResourcesBuildPhase;
			buildActionMask = 2147483647;
			files = (
				AB666C2824B3AE5D0043D6E9 /* LaunchScreen.storyboard in Resources */,
				AB666C2524B3AE5D0043D6E9 /* Assets.xcassets in Resources */,
				ABF8913524C221FD00016224 /* chars.json in Resources */,
			);
			runOnlyForDeploymentPostprocessing = 0;
		};
		AB666C2C24B3AE5E0043D6E9 /* Resources */ = {
			isa = PBXResourcesBuildPhase;
			buildActionMask = 2147483647;
			files = (
				ABF8913624C221FD00016224 /* chars.json in Resources */,
			);
			runOnlyForDeploymentPostprocessing = 0;
		};
		AB72AEAE24B7586600B993DB /* Resources */ = {
			isa = PBXResourcesBuildPhase;
			buildActionMask = 2147483647;
			files = (
			);
			runOnlyForDeploymentPostprocessing = 0;
		};
/* End PBXResourcesBuildPhase section */

/* Begin PBXShellScriptBuildPhase section */
		15EF4AEBB193837F8D80DB2C /* [CP] Check Pods Manifest.lock */ = {
			isa = PBXShellScriptBuildPhase;
			buildActionMask = 2147483647;
			files = (
			);
			inputFileListPaths = (
			);
			inputPaths = (
				"${PODS_PODFILE_DIR_PATH}/Podfile.lock",
				"${PODS_ROOT}/Manifest.lock",
			);
			name = "[CP] Check Pods Manifest.lock";
			outputFileListPaths = (
			);
			outputPaths = (
				"$(DERIVED_FILE_DIR)/Pods-RickAppMorty-checkManifestLockResult.txt",
			);
			runOnlyForDeploymentPostprocessing = 0;
			shellPath = /bin/sh;
			shellScript = "diff \"${PODS_PODFILE_DIR_PATH}/Podfile.lock\" \"${PODS_ROOT}/Manifest.lock\" > /dev/null\nif [ $? != 0 ] ; then\n    # print error to STDERR\n    echo \"error: The sandbox is not in sync with the Podfile.lock. Run 'pod install' or update your CocoaPods installation.\" >&2\n    exit 1\nfi\n# This output is used by Xcode 'outputs' to avoid re-running this script phase.\necho \"SUCCESS\" > \"${SCRIPT_OUTPUT_FILE_0}\"\n";
			showEnvVarsInLog = 0;
		};
		6BFF05D086135E9F0070B289 /* [CP] Check Pods Manifest.lock */ = {
			isa = PBXShellScriptBuildPhase;
			buildActionMask = 2147483647;
			files = (
			);
			inputFileListPaths = (
			);
			inputPaths = (
				"${PODS_PODFILE_DIR_PATH}/Podfile.lock",
				"${PODS_ROOT}/Manifest.lock",
			);
			name = "[CP] Check Pods Manifest.lock";
			outputFileListPaths = (
			);
			outputPaths = (
				"$(DERIVED_FILE_DIR)/Pods-RickAppMortyTests-checkManifestLockResult.txt",
			);
			runOnlyForDeploymentPostprocessing = 0;
			shellPath = /bin/sh;
			shellScript = "diff \"${PODS_PODFILE_DIR_PATH}/Podfile.lock\" \"${PODS_ROOT}/Manifest.lock\" > /dev/null\nif [ $? != 0 ] ; then\n    # print error to STDERR\n    echo \"error: The sandbox is not in sync with the Podfile.lock. Run 'pod install' or update your CocoaPods installation.\" >&2\n    exit 1\nfi\n# This output is used by Xcode 'outputs' to avoid re-running this script phase.\necho \"SUCCESS\" > \"${SCRIPT_OUTPUT_FILE_0}\"\n";
			showEnvVarsInLog = 0;
		};
		89F2B033B4BED9BB781B3DC7 /* [CP] Embed Pods Frameworks */ = {
			isa = PBXShellScriptBuildPhase;
			buildActionMask = 2147483647;
			files = (
			);
			inputFileListPaths = (
				"${PODS_ROOT}/Target Support Files/Pods-RickAppMorty/Pods-RickAppMorty-frameworks-${CONFIGURATION}-input-files.xcfilelist",
			);
			name = "[CP] Embed Pods Frameworks";
			outputFileListPaths = (
				"${PODS_ROOT}/Target Support Files/Pods-RickAppMorty/Pods-RickAppMorty-frameworks-${CONFIGURATION}-output-files.xcfilelist",
			);
			runOnlyForDeploymentPostprocessing = 0;
			shellPath = /bin/sh;
			shellScript = "\"${PODS_ROOT}/Target Support Files/Pods-RickAppMorty/Pods-RickAppMorty-frameworks.sh\"\n";
			showEnvVarsInLog = 0;
		};
		9517AAFAECC1537A299B8537 /* [CP] Embed Pods Frameworks */ = {
			isa = PBXShellScriptBuildPhase;
			buildActionMask = 2147483647;
			files = (
			);
			inputFileListPaths = (
				"${PODS_ROOT}/Target Support Files/Pods-RickAppMortyTests/Pods-RickAppMortyTests-frameworks-${CONFIGURATION}-input-files.xcfilelist",
			);
			name = "[CP] Embed Pods Frameworks";
			outputFileListPaths = (
				"${PODS_ROOT}/Target Support Files/Pods-RickAppMortyTests/Pods-RickAppMortyTests-frameworks-${CONFIGURATION}-output-files.xcfilelist",
			);
			runOnlyForDeploymentPostprocessing = 0;
			shellPath = /bin/sh;
			shellScript = "\"${PODS_ROOT}/Target Support Files/Pods-RickAppMortyTests/Pods-RickAppMortyTests-frameworks.sh\"\n";
			showEnvVarsInLog = 0;
		};
		AB85097124B8DF5D0094F7BA /* ShellScript */ = {
			isa = PBXShellScriptBuildPhase;
			buildActionMask = 2147483647;
			files = (
			);
			inputFileListPaths = (
			);
			inputPaths = (
			);
			outputFileListPaths = (
			);
			outputPaths = (
			);
			runOnlyForDeploymentPostprocessing = 0;
			shellPath = /bin/sh;
			shellScript = "# Type a script or drag a script file from your workspace to insert its path.\nif which swiftlint >/dev/null; then\nswiftlint\nelse\necho \"warning: Swiftlint not installed, download from https://github.com/realm/SwiftLint\"\nfi\n";
		};
/* End PBXShellScriptBuildPhase section */

/* Begin PBXSourcesBuildPhase section */
		AB666C1124B3AE590043D6E9 /* Sources */ = {
			isa = PBXSourcesBuildPhase;
			buildActionMask = 2147483647;
			files = (
				ABBD80B824B4C99E00B9F45C /* CharactersViewController.swift in Sources */,
				AB666C1924B3AE590043D6E9 /* AppDelegate.swift in Sources */,
				AB71213124C0BD5E00C004B3 /* NetworkConstants.swift in Sources */,
				AB666C2324B3AE590043D6E9 /* RickAppMorty.xcdatamodeld in Sources */,
				AB71212624C0A67C00C004B3 /* Character.swift in Sources */,
				AB71212924C0AB0400C004B3 /* CharacterRepository.swift in Sources */,
				AB666C1B24B3AE590043D6E9 /* SceneDelegate.swift in Sources */,
				AB71212424C0A44B00C004B3 /* CharactersWorker.swift in Sources */,
				AB71212F24C0BC7200C004B3 /* CharacterTarget.swift in Sources */,
				AB71212B24C0AB4300C004B3 /* WorkError.swift in Sources */,
				AB71213424C0BFBC00C004B3 /* Decodable+Extensions.swift in Sources */,
			);
			runOnlyForDeploymentPostprocessing = 0;
		};
		AB666C2A24B3AE5E0043D6E9 /* Sources */ = {
			isa = PBXSourcesBuildPhase;
			buildActionMask = 2147483647;
			files = (
				AB90A96824C087A5007CBBEC /* NetworkServiceTests.swift in Sources */,
				AB666C3324B3AE5E0043D6E9 /* RickAppMortyTests.swift in Sources */,
			);
			runOnlyForDeploymentPostprocessing = 0;
		};
		AB72AEAC24B7586600B993DB /* Sources */ = {
			isa = PBXSourcesBuildPhase;
			buildActionMask = 2147483647;
			files = (
				AB72AEB324B7586600B993DB /* FastlaneSnapshots.swift in Sources */,
				AB72AEBB24B759AF00B993DB /* SnapshotHelper.swift in Sources */,
			);
			runOnlyForDeploymentPostprocessing = 0;
		};
/* End PBXSourcesBuildPhase section */

/* Begin PBXTargetDependency section */
		AB666C3024B3AE5E0043D6E9 /* PBXTargetDependency */ = {
			isa = PBXTargetDependency;
			target = AB666C1424B3AE590043D6E9 /* RickAppMorty */;
			targetProxy = AB666C2F24B3AE5E0043D6E9 /* PBXContainerItemProxy */;
		};
		AB72AEB624B7586600B993DB /* PBXTargetDependency */ = {
			isa = PBXTargetDependency;
			target = AB666C1424B3AE590043D6E9 /* RickAppMorty */;
			targetProxy = AB72AEB524B7586600B993DB /* PBXContainerItemProxy */;
		};
/* End PBXTargetDependency section */

/* Begin PBXVariantGroup section */
		AB666C2624B3AE5D0043D6E9 /* LaunchScreen.storyboard */ = {
			isa = PBXVariantGroup;
			children = (
				AB666C2724B3AE5D0043D6E9 /* Base */,
			);
			name = LaunchScreen.storyboard;
			sourceTree = "<group>";
		};
/* End PBXVariantGroup section */

/* Begin XCBuildConfiguration section */
		AB666C3524B3AE5E0043D6E9 /* Debug */ = {
			isa = XCBuildConfiguration;
			buildSettings = {
				ALWAYS_SEARCH_USER_PATHS = NO;
				CLANG_ANALYZER_NONNULL = YES;
				CLANG_ANALYZER_NUMBER_OBJECT_CONVERSION = YES_AGGRESSIVE;
				CLANG_CXX_LANGUAGE_STANDARD = "gnu++14";
				CLANG_CXX_LIBRARY = "libc++";
				CLANG_ENABLE_MODULES = YES;
				CLANG_ENABLE_OBJC_ARC = YES;
				CLANG_ENABLE_OBJC_WEAK = YES;
				CLANG_WARN_BLOCK_CAPTURE_AUTORELEASING = YES;
				CLANG_WARN_BOOL_CONVERSION = YES;
				CLANG_WARN_COMMA = YES;
				CLANG_WARN_CONSTANT_CONVERSION = YES;
				CLANG_WARN_DEPRECATED_OBJC_IMPLEMENTATIONS = YES;
				CLANG_WARN_DIRECT_OBJC_ISA_USAGE = YES_ERROR;
				CLANG_WARN_DOCUMENTATION_COMMENTS = YES;
				CLANG_WARN_EMPTY_BODY = YES;
				CLANG_WARN_ENUM_CONVERSION = YES;
				CLANG_WARN_INFINITE_RECURSION = YES;
				CLANG_WARN_INT_CONVERSION = YES;
				CLANG_WARN_NON_LITERAL_NULL_CONVERSION = YES;
				CLANG_WARN_OBJC_IMPLICIT_RETAIN_SELF = YES;
				CLANG_WARN_OBJC_LITERAL_CONVERSION = YES;
				CLANG_WARN_OBJC_ROOT_CLASS = YES_ERROR;
				CLANG_WARN_RANGE_LOOP_ANALYSIS = YES;
				CLANG_WARN_STRICT_PROTOTYPES = YES;
				CLANG_WARN_SUSPICIOUS_MOVE = YES;
				CLANG_WARN_UNGUARDED_AVAILABILITY = YES_AGGRESSIVE;
				CLANG_WARN_UNREACHABLE_CODE = YES;
				CLANG_WARN__DUPLICATE_METHOD_MATCH = YES;
				COPY_PHASE_STRIP = NO;
				DEBUG_INFORMATION_FORMAT = dwarf;
				ENABLE_STRICT_OBJC_MSGSEND = YES;
				ENABLE_TESTABILITY = YES;
				GCC_C_LANGUAGE_STANDARD = gnu11;
				GCC_DYNAMIC_NO_PIC = NO;
				GCC_NO_COMMON_BLOCKS = YES;
				GCC_OPTIMIZATION_LEVEL = 0;
				GCC_PREPROCESSOR_DEFINITIONS = (
					"DEBUG=1",
					"$(inherited)",
				);
				GCC_WARN_64_TO_32_BIT_CONVERSION = YES;
				GCC_WARN_ABOUT_RETURN_TYPE = YES_ERROR;
				GCC_WARN_UNDECLARED_SELECTOR = YES;
				GCC_WARN_UNINITIALIZED_AUTOS = YES_AGGRESSIVE;
				GCC_WARN_UNUSED_FUNCTION = YES;
				GCC_WARN_UNUSED_VARIABLE = YES;
				IPHONEOS_DEPLOYMENT_TARGET = 13.5;
				MTL_ENABLE_DEBUG_INFO = INCLUDE_SOURCE;
				MTL_FAST_MATH = YES;
				ONLY_ACTIVE_ARCH = YES;
				SDKROOT = iphoneos;
				SWIFT_ACTIVE_COMPILATION_CONDITIONS = DEBUG;
				SWIFT_OPTIMIZATION_LEVEL = "-Onone";
			};
			name = Debug;
		};
		AB666C3624B3AE5E0043D6E9 /* Release */ = {
			isa = XCBuildConfiguration;
			buildSettings = {
				ALWAYS_SEARCH_USER_PATHS = NO;
				CLANG_ANALYZER_NONNULL = YES;
				CLANG_ANALYZER_NUMBER_OBJECT_CONVERSION = YES_AGGRESSIVE;
				CLANG_CXX_LANGUAGE_STANDARD = "gnu++14";
				CLANG_CXX_LIBRARY = "libc++";
				CLANG_ENABLE_MODULES = YES;
				CLANG_ENABLE_OBJC_ARC = YES;
				CLANG_ENABLE_OBJC_WEAK = YES;
				CLANG_WARN_BLOCK_CAPTURE_AUTORELEASING = YES;
				CLANG_WARN_BOOL_CONVERSION = YES;
				CLANG_WARN_COMMA = YES;
				CLANG_WARN_CONSTANT_CONVERSION = YES;
				CLANG_WARN_DEPRECATED_OBJC_IMPLEMENTATIONS = YES;
				CLANG_WARN_DIRECT_OBJC_ISA_USAGE = YES_ERROR;
				CLANG_WARN_DOCUMENTATION_COMMENTS = YES;
				CLANG_WARN_EMPTY_BODY = YES;
				CLANG_WARN_ENUM_CONVERSION = YES;
				CLANG_WARN_INFINITE_RECURSION = YES;
				CLANG_WARN_INT_CONVERSION = YES;
				CLANG_WARN_NON_LITERAL_NULL_CONVERSION = YES;
				CLANG_WARN_OBJC_IMPLICIT_RETAIN_SELF = YES;
				CLANG_WARN_OBJC_LITERAL_CONVERSION = YES;
				CLANG_WARN_OBJC_ROOT_CLASS = YES_ERROR;
				CLANG_WARN_RANGE_LOOP_ANALYSIS = YES;
				CLANG_WARN_STRICT_PROTOTYPES = YES;
				CLANG_WARN_SUSPICIOUS_MOVE = YES;
				CLANG_WARN_UNGUARDED_AVAILABILITY = YES_AGGRESSIVE;
				CLANG_WARN_UNREACHABLE_CODE = YES;
				CLANG_WARN__DUPLICATE_METHOD_MATCH = YES;
				COPY_PHASE_STRIP = NO;
				DEBUG_INFORMATION_FORMAT = "dwarf-with-dsym";
				ENABLE_NS_ASSERTIONS = NO;
				ENABLE_STRICT_OBJC_MSGSEND = YES;
				GCC_C_LANGUAGE_STANDARD = gnu11;
				GCC_NO_COMMON_BLOCKS = YES;
				GCC_WARN_64_TO_32_BIT_CONVERSION = YES;
				GCC_WARN_ABOUT_RETURN_TYPE = YES_ERROR;
				GCC_WARN_UNDECLARED_SELECTOR = YES;
				GCC_WARN_UNINITIALIZED_AUTOS = YES_AGGRESSIVE;
				GCC_WARN_UNUSED_FUNCTION = YES;
				GCC_WARN_UNUSED_VARIABLE = YES;
				IPHONEOS_DEPLOYMENT_TARGET = 13.5;
				MTL_ENABLE_DEBUG_INFO = NO;
				MTL_FAST_MATH = YES;
				SDKROOT = iphoneos;
				SWIFT_COMPILATION_MODE = wholemodule;
				SWIFT_OPTIMIZATION_LEVEL = "-O";
				VALIDATE_PRODUCT = YES;
			};
			name = Release;
		};
		AB666C3824B3AE5E0043D6E9 /* Debug */ = {
			isa = XCBuildConfiguration;
			baseConfigurationReference = C17FA16477962F905F9CF89D /* Pods-RickAppMorty.debug.xcconfig */;
			buildSettings = {
				ASSETCATALOG_COMPILER_APPICON_NAME = AppIcon;
				CODE_SIGN_STYLE = Automatic;
				DEVELOPMENT_TEAM = 6Z5CB5T6U7;
				INFOPLIST_FILE = RickAppMorty/Info.plist;
				LD_RUNPATH_SEARCH_PATHS = (
					"$(inherited)",
					"@executable_path/Frameworks",
				);
				PRODUCT_BUNDLE_IDENTIFIER = palhares.RickAppMorty;
				PRODUCT_NAME = "$(TARGET_NAME)";
				SWIFT_VERSION = 5.0;
				TARGETED_DEVICE_FAMILY = "1,2";
			};
			name = Debug;
		};
		AB666C3924B3AE5E0043D6E9 /* Release */ = {
			isa = XCBuildConfiguration;
			baseConfigurationReference = AF7566D35E65E2E01FF25EEF /* Pods-RickAppMorty.release.xcconfig */;
			buildSettings = {
				ASSETCATALOG_COMPILER_APPICON_NAME = AppIcon;
				CODE_SIGN_STYLE = Automatic;
				DEVELOPMENT_TEAM = 6Z5CB5T6U7;
				INFOPLIST_FILE = RickAppMorty/Info.plist;
				LD_RUNPATH_SEARCH_PATHS = (
					"$(inherited)",
					"@executable_path/Frameworks",
				);
				PRODUCT_BUNDLE_IDENTIFIER = palhares.RickAppMorty;
				PRODUCT_NAME = "$(TARGET_NAME)";
				SWIFT_VERSION = 5.0;
				TARGETED_DEVICE_FAMILY = "1,2";
			};
			name = Release;
		};
		AB666C3B24B3AE5E0043D6E9 /* Debug */ = {
			isa = XCBuildConfiguration;
			baseConfigurationReference = 7BAC0D4BAE505A9811222F31 /* Pods-RickAppMortyTests.debug.xcconfig */;
			buildSettings = {
				ALWAYS_EMBED_SWIFT_STANDARD_LIBRARIES = YES;
				BUNDLE_LOADER = "$(TEST_HOST)";
				CODE_SIGN_STYLE = Automatic;
				DEVELOPMENT_TEAM = 6Z5CB5T6U7;
				INFOPLIST_FILE = RickAppMortyTests/Info.plist;
				IPHONEOS_DEPLOYMENT_TARGET = 13.5;
				LD_RUNPATH_SEARCH_PATHS = (
					"$(inherited)",
					"@executable_path/Frameworks",
					"@loader_path/Frameworks",
				);
				PRODUCT_BUNDLE_IDENTIFIER = palhares.RickAppMortyTests;
				PRODUCT_NAME = "$(TARGET_NAME)";
				SWIFT_VERSION = 5.0;
				TARGETED_DEVICE_FAMILY = "1,2";
				TEST_HOST = "$(BUILT_PRODUCTS_DIR)/RickAppMorty.app/RickAppMorty";
			};
			name = Debug;
		};
		AB666C3C24B3AE5E0043D6E9 /* Release */ = {
			isa = XCBuildConfiguration;
			baseConfigurationReference = 503D5AC704CCAA230A0E22CA /* Pods-RickAppMortyTests.release.xcconfig */;
			buildSettings = {
				ALWAYS_EMBED_SWIFT_STANDARD_LIBRARIES = YES;
				BUNDLE_LOADER = "$(TEST_HOST)";
				CODE_SIGN_STYLE = Automatic;
				DEVELOPMENT_TEAM = 6Z5CB5T6U7;
				INFOPLIST_FILE = RickAppMortyTests/Info.plist;
				IPHONEOS_DEPLOYMENT_TARGET = 13.5;
				LD_RUNPATH_SEARCH_PATHS = (
					"$(inherited)",
					"@executable_path/Frameworks",
					"@loader_path/Frameworks",
				);
				PRODUCT_BUNDLE_IDENTIFIER = palhares.RickAppMortyTests;
				PRODUCT_NAME = "$(TARGET_NAME)";
				SWIFT_VERSION = 5.0;
				TARGETED_DEVICE_FAMILY = "1,2";
				TEST_HOST = "$(BUILT_PRODUCTS_DIR)/RickAppMorty.app/RickAppMorty";
			};
			name = Release;
		};
		AB72AEB724B7586600B993DB /* Debug */ = {
			isa = XCBuildConfiguration;
			buildSettings = {
				CODE_SIGN_STYLE = Automatic;
				DEVELOPMENT_TEAM = 6Z5CB5T6U7;
				INFOPLIST_FILE = FastlaneSnapshots/Info.plist;
				LD_RUNPATH_SEARCH_PATHS = (
					"$(inherited)",
					"@executable_path/Frameworks",
					"@loader_path/Frameworks",
				);
				PRODUCT_BUNDLE_IDENTIFIER = palhares.FastlaneSnapshots;
				PRODUCT_NAME = "$(TARGET_NAME)";
				SWIFT_VERSION = 5.0;
				TARGETED_DEVICE_FAMILY = "1,2";
				TEST_TARGET_NAME = RickAppMorty;
			};
			name = Debug;
		};
		AB72AEB824B7586600B993DB /* Release */ = {
			isa = XCBuildConfiguration;
			buildSettings = {
				CODE_SIGN_STYLE = Automatic;
				DEVELOPMENT_TEAM = 6Z5CB5T6U7;
				INFOPLIST_FILE = FastlaneSnapshots/Info.plist;
				LD_RUNPATH_SEARCH_PATHS = (
					"$(inherited)",
					"@executable_path/Frameworks",
					"@loader_path/Frameworks",
				);
				PRODUCT_BUNDLE_IDENTIFIER = palhares.FastlaneSnapshots;
				PRODUCT_NAME = "$(TARGET_NAME)";
				SWIFT_VERSION = 5.0;
				TARGETED_DEVICE_FAMILY = "1,2";
				TEST_TARGET_NAME = RickAppMorty;
			};
			name = Release;
		};
/* End XCBuildConfiguration section */

/* Begin XCConfigurationList section */
		AB666C1024B3AE590043D6E9 /* Build configuration list for PBXProject "RickAppMorty" */ = {
			isa = XCConfigurationList;
			buildConfigurations = (
				AB666C3524B3AE5E0043D6E9 /* Debug */,
				AB666C3624B3AE5E0043D6E9 /* Release */,
			);
			defaultConfigurationIsVisible = 0;
			defaultConfigurationName = Release;
		};
		AB666C3724B3AE5E0043D6E9 /* Build configuration list for PBXNativeTarget "RickAppMorty" */ = {
			isa = XCConfigurationList;
			buildConfigurations = (
				AB666C3824B3AE5E0043D6E9 /* Debug */,
				AB666C3924B3AE5E0043D6E9 /* Release */,
			);
			defaultConfigurationIsVisible = 0;
			defaultConfigurationName = Release;
		};
		AB666C3A24B3AE5E0043D6E9 /* Build configuration list for PBXNativeTarget "RickAppMortyTests" */ = {
			isa = XCConfigurationList;
			buildConfigurations = (
				AB666C3B24B3AE5E0043D6E9 /* Debug */,
				AB666C3C24B3AE5E0043D6E9 /* Release */,
			);
			defaultConfigurationIsVisible = 0;
			defaultConfigurationName = Release;
		};
		AB72AEB924B7586600B993DB /* Build configuration list for PBXNativeTarget "FastlaneSnapshots" */ = {
			isa = XCConfigurationList;
			buildConfigurations = (
				AB72AEB724B7586600B993DB /* Debug */,
				AB72AEB824B7586600B993DB /* Release */,
			);
			defaultConfigurationIsVisible = 0;
			defaultConfigurationName = Release;
		};
/* End XCConfigurationList section */

/* Begin XCVersionGroup section */
		AB666C2124B3AE590043D6E9 /* RickAppMorty.xcdatamodeld */ = {
			isa = XCVersionGroup;
			children = (
				AB666C2224B3AE590043D6E9 /* RickAppMorty.xcdatamodel */,
			);
			currentVersion = AB666C2224B3AE590043D6E9 /* RickAppMorty.xcdatamodel */;
			path = RickAppMorty.xcdatamodeld;
			sourceTree = "<group>";
			versionGroupType = wrapper.xcdatamodel;
		};
/* End XCVersionGroup section */
	};
	rootObject = AB666C0D24B3AE590043D6E9 /* Project object */;
}
